
Microsoft Visual Studio Solution File, Format Version 12.00
# Visual Studio Version 17
VisualStudioVersion = 17.2.32602.215
MinimumVisualStudioVersion = 10.0.40219.1
Project("{9A19103F-16F7-4668-BE54-9A1E7A4F7556}") = "Task1", "Task1\Task1.csproj", "{900BDDFE-B31D-4F75-899A-D0CA362CBBF7}"
EndProject
Project("{FAE04EC0-301F-11D3-BF4B-00C04F79EFBC}") = "Task2", "Task2\Task2.csproj", "{2D38712A-E790-42A3-8930-322AFB639B99}"
EndProject
Global
	GlobalSection(SolutionConfigurationPlatforms) = preSolution
		Debug|Any CPU = Debug|Any CPU
		Release|Any CPU = Release|Any CPU
	EndGlobalSection
	GlobalSection(ProjectConfigurationPlatforms) = postSolution
		{900BDDFE-B31D-4F75-899A-D0CA362CBBF7}.Debug|Any CPU.ActiveCfg = Debug|Any CPU
		{900BDDFE-B31D-4F75-899A-D0CA362CBBF7}.Debug|Any CPU.Build.0 = Debug|Any CPU
		{900BDDFE-B31D-4F75-899A-D0CA362CBBF7}.Release|Any CPU.ActiveCfg = Release|Any CPU
		{900BDDFE-B31D-4F75-899A-D0CA362CBBF7}.Release|Any CPU.Build.0 = Release|Any CPU
		{2D38712A-E790-42A3-8930-322AFB639B99}.Debug|Any CPU.ActiveCfg = Debug|Any CPU
		{2D38712A-E790-42A3-8930-322AFB639B99}.Debug|Any CPU.Build.0 = Debug|Any CPU
		{2D38712A-E790-42A3-8930-322AFB639B99}.Release|Any CPU.ActiveCfg = Release|Any CPU
		{2D38712A-E790-42A3-8930-322AFB639B99}.Release|Any CPU.Build.0 = Release|Any CPU
	EndGlobalSection
	GlobalSection(SolutionProperties) = preSolution
		HideSolutionNode = FALSE
	EndGlobalSection
	GlobalSection(ExtensibilityGlobals) = postSolution
		SolutionGuid = {D110E1BF-425B-4DBD-B5F9-328466BBAD83}
	EndGlobalSection
EndGlobal
